
Microsoft Visual Studio Solution File, Format Version 12.00
# Visual Studio Version 16
VisualStudioVersion = 16.0.31025.194
MinimumVisualStudioVersion = 10.0.40219.1
Project("{8BC9CEB8-8B4A-11D0-8D11-00A0C91BC942}") = "ToxiMan", "ToxiMan\ToxiMan.vcxproj", "{5419F730-D340-4C14-A128-5A5905E9EBCD}"
EndProject
Global
	GlobalSection(SolutionConfigurationPlatforms) = preSolution
		Debug|x64 = Debug|x64
		Debug|x86 = Debug|x86
		Release|x64 = Release|x64
		Release|x86 = Release|x86
	EndGlobalSection
	GlobalSection(ProjectConfigurationPlatforms) = postSolution
		{5419F730-D340-4C14-A128-5A5905E9EBCD}.Debug|x64.ActiveCfg = Debug|x64
		{5419F730-D340-4C14-A128-5A5905E9EBCD}.Debug|x64.Build.0 = Debug|x64
		{5419F730-D340-4C14-A128-5A5905E9EBCD}.Debug|x86.ActiveCfg = Debug|Win32
		{5419F730-D340-4C14-A128-5A5905E9EBCD}.Debug|x86.Build.0 = Debug|Win32
		{5419F730-D340-4C14-A128-5A5905E9EBCD}.Release|x64.ActiveCfg = Release|x64
		{5419F730-D340-4C14-A128-5A5905E9EBCD}.Release|x64.Build.0 = Release|x64
		{5419F730-D340-4C14-A128-5A5905E9EBCD}.Release|x86.ActiveCfg = Release|Win32
		{5419F730-D340-4C14-A128-5A5905E9EBCD}.Release|x86.Build.0 = Release|Win32
	EndGlobalSection
	GlobalSection(SolutionProperties) = preSolution
		HideSolutionNode = FALSE
	EndGlobalSection
	GlobalSection(ExtensibilityGlobals) = postSolution
		SolutionGuid = {9FC915F3-AEC5-4174-9031-C27281BC9E31}
	EndGlobalSection
EndGlobal
